// !$*UTF8*$!
{
	archiveVersion = 1;
	classes = {
	};
	objectVersion = 77;
	objects = {

/* Begin PBXContainerItemProxy section */
		AA16072A2F2A21A20084F0F4 /* PBXContainerItemProxy */ = {
			isa = PBXContainerItemProxy;
			containerPortal = AA1607142F2A21A10084F0F4 /* Project object */;
			proxyType = 1;
			remoteGlobalIDString = AA16071B2F2A21A10084F0F4;
			remoteInfo = PerfoMace;
		};
		AA1607342F2A21A20084F0F4 /* PBXContainerItemProxy */ = {
			isa = PBXContainerItemProxy;
			containerPortal = AA1607142F2A21A10084F0F4 /* Project object */;
			proxyType = 1;
			remoteGlobalIDString = AA16071B2F2A21A10084F0F4;
			remoteInfo = PerfoMace;
		};
/* End PBXContainerItemProxy section */

/* Begin PBXFileReference section */
		AA16071C2F2A21A10084F0F4 /* PerfoMace.app */ = {isa = PBXFileReference; explicitFileType = wrapper.application; includeInIndex = 0; path = PerfoMace.app; sourceTree = BUILT_PRODUCTS_DIR; };
		AA1607292F2A21A20084F0F4 /* PerfoMaceTests.xctest */ = {isa = PBXFileReference; explicitFileType = wrapper.cfbundle; includeInIndex = 0; path = PerfoMaceTests.xctest; sourceTree = BUILT_PRODUCTS_DIR; };
		AA1607332F2A21A20084F0F4 /* PerfoMaceUITests.xctest */ = {isa = PBXFileReference; explicitFileType = wrapper.cfbundle; includeInIndex = 0; path = PerfoMaceUITests.xctest; sourceTree = BUILT_PRODUCTS_DIR; };
		BB0000012F2A21A20084F111 /* PerfoMace Launcher v2.app */ = {isa = PBXFileReference; explicitFileType = wrapper.application; includeInIndex = 0; path = "PerfoMace Launcher v2.app"; sourceTree = BUILT_PRODUCTS_DIR; };
/* End PBXFileReference section */

/* Begin PBXFileSystemSynchronizedRootGroup section */
		AA16071E2F2A21A10084F0F4 /* codebase/PerfoMace */ = {
			isa = PBXFileSystemSynchronizedRootGroup;
			path = codebase/PerfoMace;
			sourceTree = "<group>";
		};
		AA16072C2F2A21A20084F0F4 /* codebase/PerfoMaceTests */ = {
			isa = PBXFileSystemSynchronizedRootGroup;
			path = codebase/PerfoMaceTests;
			sourceTree = "<group>";
		};
		AA1607362F2A21A20084F0F4 /* codebase/PerfoMaceUITests */ = {
			isa = PBXFileSystemSynchronizedRootGroup;
			path = codebase/PerfoMaceUITests;
			sourceTree = "<group>";
		};
		BB0000022F2A21A20084F112 /* launcher/PerfoMaceLauncher */ = {
			isa = PBXFileSystemSynchronizedRootGroup;
			path = launcher/PerfoMaceLauncher;
			sourceTree = "<group>";
		};
/* End PBXFileSystemSynchronizedRootGroup section */

/* Begin PBXFrameworksBuildPhase section */
		AA1607192F2A21A10084F0F4 /* Frameworks */ = {
			isa = PBXFrameworksBuildPhase;
			buildActionMask = 2147483647;
			files = (
			);
			runOnlyForDeploymentPostprocessing = 0;
		};
		AA1607262F2A21A20084F0F4 /* Frameworks */ = {
			isa = PBXFrameworksBuildPhase;
			buildActionMask = 2147483647;
			files = (
			);
			runOnlyForDeploymentPostprocessing = 0;
		};
		AA1607302F2A21A20084F0F4 /* Frameworks */ = {
			isa = PBXFrameworksBuildPhase;
			buildActionMask = 2147483647;
			files = (
			);
			runOnlyForDeploymentPostprocessing = 0;
		};
		BB0000052F2A21A20084F115 /* Frameworks */ = {
			isa = PBXFrameworksBuildPhase;
			buildActionMask = 2147483647;
			files = (
			);
			runOnlyForDeploymentPostprocessing = 0;
		};
/* End PBXFrameworksBuildPhase section */

/* Begin PBXGroup section */
		AA1607132F2A21A10084F0F4 = {
			isa = PBXGroup;
			children = (
				AA16071E2F2A21A10084F0F4 /* codebase/PerfoMace */,
				AA16072C2F2A21A20084F0F4 /* codebase/PerfoMaceTests */,
				AA1607362F2A21A20084F0F4 /* codebase/PerfoMaceUITests */,
				BB0000022F2A21A20084F112 /* launcher/PerfoMaceLauncher */,
				AA16071D2F2A21A10084F0F4 /* Products */,
			);
			sourceTree = "<group>";
		};
		AA16071D2F2A21A10084F0F4 /* Products */ = {
			isa = PBXGroup;
			children = (
				AA16071C2F2A21A10084F0F4 /* PerfoMace.app */,
				AA1607292F2A21A20084F0F4 /* PerfoMaceTests.xctest */,
				AA1607332F2A21A20084F0F4 /* PerfoMaceUITests.xctest */,
				BB0000012F2A21A20084F111 /* PerfoMace Launcher v2.app */,
			);
			name = Products;
			sourceTree = "<group>";
		};
/* End PBXGroup section */

/* Begin PBXNativeTarget section */
		AA16071B2F2A21A10084F0F4 /* PerfoMace */ = {
			isa = PBXNativeTarget;
			buildConfigurationList = AA16073D2F2A21A20084F0F4 /* Build configuration list for PBXNativeTarget "PerfoMace" */;
			buildPhases = (
				AA1607182F2A21A10084F0F4 /* Sources */,
				AA1607192F2A21A10084F0F4 /* Frameworks */,
				AA16071A2F2A21A10084F0F4 /* Resources */,
			);
			buildRules = (
			);
			dependencies = (
			);
			fileSystemSynchronizedGroups = (
				AA16071E2F2A21A10084F0F4 /* codebase/PerfoMace */,
			);
			name = PerfoMace;
			packageProductDependencies = (
			);
			productName = PerfoMace;
			productReference = AA16071C2F2A21A10084F0F4 /* PerfoMace.app */;
			productType = "com.apple.product-type.application";
		};
		AA1607282F2A21A20084F0F4 /* PerfoMaceTests */ = {
			isa = PBXNativeTarget;
			buildConfigurationList = AA1607402F2A21A20084F0F4 /* Build configuration list for PBXNativeTarget "PerfoMaceTests" */;
			buildPhases = (
				AA1607252F2A21A20084F0F4 /* Sources */,
				AA1607262F2A21A20084F0F4 /* Frameworks */,
				AA1607272F2A21A20084F0F4 /* Resources */,
			);
			buildRules = (
			);
			dependencies = (
				AA16072B2F2A21A20084F0F4 /* PBXTargetDependency */,
			);
			fileSystemSynchronizedGroups = (
				AA16072C2F2A21A20084F0F4 /* codebase/PerfoMaceTests */,
			);
			name = PerfoMaceTests;
			packageProductDependencies = (
			);
			productName = PerfoMaceTests;
			productReference = AA1607292F2A21A20084F0F4 /* PerfoMaceTests.xctest */;
			productType = "com.apple.product-type.bundle.unit-test";
		};
		AA1607322F2A21A20084F0F4 /* PerfoMaceUITests */ = {
			isa = PBXNativeTarget;
			buildConfigurationList = AA1607432F2A21A20084F0F4 /* Build configuration list for PBXNativeTarget "PerfoMaceUITests" */;
			buildPhases = (
				AA16072F2F2A21A20084F0F4 /* Sources */,
				AA1607302F2A21A20084F0F4 /* Frameworks */,
				AA1607312F2A21A20084F0F4 /* Resources */,
			);
			buildRules = (
			);
			dependencies = (
				AA1607352F2A21A20084F0F4 /* PBXTargetDependency */,
			);
			fileSystemSynchronizedGroups = (
				AA1607362F2A21A20084F0F4 /* codebase/PerfoMaceUITests */,
			);
			name = PerfoMaceUITests;
			packageProductDependencies = (
			);
			productName = PerfoMaceUITests;
			productReference = AA1607332F2A21A20084F0F4 /* PerfoMaceUITests.xctest */;
			productType = "com.apple.product-type.bundle.ui-testing";
		};
		BB0000032F2A21A20084F113 /* PerfoMaceLauncher */ = {
			isa = PBXNativeTarget;
			buildConfigurationList = BB0000072F2A21A20084F117 /* Build configuration list for PBXNativeTarget "PerfoMaceLauncher" */;
			buildPhases = (
				BB0000042F2A21A20084F114 /* Sources */,
				BB0000052F2A21A20084F115 /* Frameworks */,
				BB0000062F2A21A20084F116 /* Resources */,
			);
			buildRules = (
			);
			dependencies = (
			);
			fileSystemSynchronizedGroups = (
				BB0000022F2A21A20084F112 /* launcher/PerfoMaceLauncher */,
			);
			name = PerfoMaceLauncher;
			packageProductDependencies = (
			);
			productName = PerfoMaceLauncherV2;
			productReference = BB0000012F2A21A20084F111 /* PerfoMace Launcher v2.app */;
			productType = "com.apple.product-type.application";
		};
/* End PBXNativeTarget section */

/* Begin PBXProject section */
		AA1607142F2A21A10084F0F4 /* Project object */ = {
			isa = PBXProject;
			attributes = {
				BuildIndependentTargetsInParallel = 1;
				LastSwiftUpdateCheck = 1640;
				LastUpgradeCheck = 2630;
				TargetAttributes = {
					AA16071B2F2A21A10084F0F4 = {
						CreatedOnToolsVersion = 16.4;
					};
					AA1607282F2A21A20084F0F4 = {
						CreatedOnToolsVersion = 16.4;
						TestTargetID = AA16071B2F2A21A10084F0F4;
					};
					AA1607322F2A21A20084F0F4 = {
						CreatedOnToolsVersion = 16.4;
						TestTargetID = AA16071B2F2A21A10084F0F4;
					};
					BB0000032F2A21A20084F113 = {
						CreatedOnToolsVersion = 16.4;
					};
				};
			};
			buildConfigurationList = AA1607172F2A21A10084F0F4 /* Build configuration list for PBXProject "PerfoMace" */;
			developmentRegion = en;
			hasScannedForEncodings = 0;
			knownRegions = (
				en,
				Base,
			);
			mainGroup = AA1607132F2A21A10084F0F4;
			minimizedProjectReferenceProxies = 1;
			preferredProjectObjectVersion = 77;
			productRefGroup = AA16071D2F2A21A10084F0F4 /* Products */;
			projectDirPath = "";
			projectRoot = "";
			targets = (
				AA16071B2F2A21A10084F0F4 /* PerfoMace */,
				AA1607282F2A21A20084F0F4 /* PerfoMaceTests */,
				AA1607322F2A21A20084F0F4 /* PerfoMaceUITests */,
				BB0000032F2A21A20084F113 /* PerfoMaceLauncher */,
			);
		};
/* End PBXProject section */

/* Begin PBXResourcesBuildPhase section */
		AA16071A2F2A21A10084F0F4 /* Resources */ = {
			isa = PBXResourcesBuildPhase;
			buildActionMask = 2147483647;
			files = (
			);
			runOnlyForDeploymentPostprocessing = 0;
		};
		AA1607272F2A21A20084F0F4 /* Resources */ = {
			isa = PBXResourcesBuildPhase;
			buildActionMask = 2147483647;
			files = (
			);
			runOnlyForDeploymentPostprocessing = 0;
		};
		AA1607312F2A21A20084F0F4 /* Resources */ = {
			isa = PBXResourcesBuildPhase;
			buildActionMask = 2147483647;
			files = (
			);
			runOnlyForDeploymentPostprocessing = 0;
		};
		BB0000062F2A21A20084F116 /* Resources */ = {
			isa = PBXResourcesBuildPhase;
			buildActionMask = 2147483647;
			files = (
			);
			runOnlyForDeploymentPostprocessing = 0;
		};
/* End PBXResourcesBuildPhase section */

/* Begin PBXSourcesBuildPhase section */
		AA1607182F2A21A10084F0F4 /* Sources */ = {
			isa = PBXSourcesBuildPhase;
			buildActionMask = 2147483647;
			files = (
			);
			runOnlyForDeploymentPostprocessing = 0;
		};
		AA1607252F2A21A20084F0F4 /* Sources */ = {
			isa = PBXSourcesBuildPhase;
			buildActionMask = 2147483647;
			files = (
			);
			runOnlyForDeploymentPostprocessing = 0;
		};
		AA16072F2F2A21A20084F0F4 /* Sources */ = {
			isa = PBXSourcesBuildPhase;
			buildActionMask = 2147483647;
			files = (
			);
			runOnlyForDeploymentPostprocessing = 0;
		};
		BB0000042F2A21A20084F114 /* Sources */ = {
			isa = PBXSourcesBuildPhase;
			buildActionMask = 2147483647;
			files = (
			);
			runOnlyForDeploymentPostprocessing = 0;
		};
/* End PBXSourcesBuildPhase section */

/* Begin PBXTargetDependency section */
		AA16072B2F2A21A20084F0F4 /* PBXTargetDependency */ = {
			isa = PBXTargetDependency;
			target = AA16071B2F2A21A10084F0F4 /* PerfoMace */;
			targetProxy = AA16072A2F2A21A20084F0F4 /* PBXContainerItemProxy */;
		};
		AA1607352F2A21A20084F0F4 /* PBXTargetDependency */ = {
			isa = PBXTargetDependency;
			target = AA16071B2F2A21A10084F0F4 /* PerfoMace */;
			targetProxy = AA1607342F2A21A20084F0F4 /* PBXContainerItemProxy */;
		};
/* End PBXTargetDependency section */

/* Begin XCBuildConfiguration section */
		AA16073B2F2A21A20084F0F4 /* Debug */ = {
			isa = XCBuildConfiguration;
			buildSettings = {
				ALWAYS_SEARCH_USER_PATHS = NO;
				ASSETCATALOG_COMPILER_GENERATE_SWIFT_ASSET_SYMBOL_EXTENSIONS = YES;
				CLANG_ANALYZER_NONNULL = YES;
				CLANG_ANALYZER_NUMBER_OBJECT_CONVERSION = YES_AGGRESSIVE;
				CLANG_CXX_LANGUAGE_STANDARD = "gnu++20";
				CLANG_ENABLE_MODULES = YES;
				CLANG_ENABLE_OBJC_ARC = YES;
				CLANG_ENABLE_OBJC_WEAK = YES;
				CLANG_WARN_BLOCK_CAPTURE_AUTORELEASING = YES;
				CLANG_WARN_BOOL_CONVERSION = YES;
				CLANG_WARN_COMMA = YES;
				CLANG_WARN_CONSTANT_CONVERSION = YES;
				CLANG_WARN_DEPRECATED_OBJC_IMPLEMENTATIONS = YES;
				CLANG_WARN_DIRECT_OBJC_ISA_USAGE = YES_ERROR;
				CLANG_WARN_DOCUMENTATION_COMMENTS = YES;
				CLANG_WARN_EMPTY_BODY = YES;
				CLANG_WARN_ENUM_CONVERSION = YES;
				CLANG_WARN_INFINITE_RECURSION = YES;
				CLANG_WARN_INT_CONVERSION = YES;
				CLANG_WARN_NON_LITERAL_NULL_CONVERSION = YES;
				CLANG_WARN_OBJC_IMPLICIT_RETAIN_SELF = YES;
				CLANG_WARN_OBJC_LITERAL_CONVERSION = YES;
				CLANG_WARN_OBJC_ROOT_CLASS = YES_ERROR;
				CLANG_WARN_QUOTED_INCLUDE_IN_FRAMEWORK_HEADER = YES;
				CLANG_WARN_RANGE_LOOP_ANALYSIS = YES;
				CLANG_WARN_STRICT_PROTOTYPES = YES;
				CLANG_WARN_SUSPICIOUS_MOVE = YES;
				CLANG_WARN_UNGUARDED_AVAILABILITY = YES_AGGRESSIVE;
				CLANG_WARN_UNREACHABLE_CODE = YES;
				CLANG_WARN__DUPLICATE_METHOD_MATCH = YES;
				COPY_PHASE_STRIP = NO;
				DEBUG_INFORMATION_FORMAT = dwarf;
				DEVELOPMENT_TEAM = PRNJWLYC59;
				ENABLE_STRICT_OBJC_MSGSEND = YES;
				ENABLE_TESTABILITY = YES;
				ENABLE_USER_SCRIPT_SANDBOXING = YES;
				GCC_C_LANGUAGE_STANDARD = gnu17;
				GCC_DYNAMIC_NO_PIC = NO;
				GCC_NO_COMMON_BLOCKS = YES;
				GCC_OPTIMIZATION_LEVEL = 0;
				GCC_PREPROCESSOR_DEFINITIONS = (
					"DEBUG=1",
					"$(inherited)",
				);
				GCC_WARN_64_TO_32_BIT_CONVERSION = YES;
				GCC_WARN_ABOUT_RETURN_TYPE = YES_ERROR;
				GCC_WARN_UNDECLARED_SELECTOR = YES;
				GCC_WARN_UNINITIALIZED_AUTOS = YES_AGGRESSIVE;
				GCC_WARN_UNUSED_FUNCTION = YES;
				GCC_WARN_UNUSED_VARIABLE = YES;
				IPHONEOS_DEPLOYMENT_TARGET = 18.5;
				LOCALIZATION_PREFERS_STRING_CATALOGS = YES;
				MTL_ENABLE_DEBUG_INFO = INCLUDE_SOURCE;
				MTL_FAST_MATH = YES;
				ONLY_ACTIVE_ARCH = YES;
				SDKROOT = iphoneos;
				STRING_CATALOG_GENERATE_SYMBOLS = YES;
				SWIFT_ACTIVE_COMPILATION_CONDITIONS = "DEBUG $(inherited)";
				SWIFT_OPTIMIZATION_LEVEL = "-Onone";
			};
			name = Debug;
		};
		AA16073C2F2A21A20084F0F4 /* Release */ = {
			isa = XCBuildConfiguration;
			buildSettings = {
				ALWAYS_SEARCH_USER_PATHS = NO;
				ASSETCATALOG_COMPILER_GENERATE_SWIFT_ASSET_SYMBOL_EXTENSIONS = YES;
				CLANG_ANALYZER_NONNULL = YES;
				CLANG_ANALYZER_NUMBER_OBJECT_CONVERSION = YES_AGGRESSIVE;
				CLANG_CXX_LANGUAGE_STANDARD = "gnu++20";
				CLANG_ENABLE_MODULES = YES;
				CLANG_ENABLE_OBJC_ARC = YES;
				CLANG_ENABLE_OBJC_WEAK = YES;
				CLANG_WARN_BLOCK_CAPTURE_AUTORELEASING = YES;
				CLANG_WARN_BOOL_CONVERSION = YES;
				CLANG_WARN_COMMA = YES;
				CLANG_WARN_CONSTANT_CONVERSION = YES;
				CLANG_WARN_DEPRECATED_OBJC_IMPLEMENTATIONS = YES;
				CLANG_WARN_DIRECT_OBJC_ISA_USAGE = YES_ERROR;
				CLANG_WARN_DOCUMENTATION_COMMENTS = YES;
				CLANG_WARN_EMPTY_BODY = YES;
				CLANG_WARN_ENUM_CONVERSION = YES;
				CLANG_WARN_INFINITE_RECURSION = YES;
				CLANG_WARN_INT_CONVERSION = YES;
				CLANG_WARN_NON_LITERAL_NULL_CONVERSION = YES;
				CLANG_WARN_OBJC_IMPLICIT_RETAIN_SELF = YES;
				CLANG_WARN_OBJC_LITERAL_CONVERSION = YES;
				CLANG_WARN_OBJC_ROOT_CLASS = YES_ERROR;
				CLANG_WARN_QUOTED_INCLUDE_IN_FRAMEWORK_HEADER = YES;
				CLANG_WARN_RANGE_LOOP_ANALYSIS = YES;
				CLANG_WARN_STRICT_PROTOTYPES = YES;
				CLANG_WARN_SUSPICIOUS_MOVE = YES;
				CLANG_WARN_UNGUARDED_AVAILABILITY = YES_AGGRESSIVE;
				CLANG_WARN_UNREACHABLE_CODE = YES;
				CLANG_WARN__DUPLICATE_METHOD_MATCH = YES;
				COPY_PHASE_STRIP = NO;
				DEBUG_INFORMATION_FORMAT = "dwarf-with-dsym";
				DEVELOPMENT_TEAM = PRNJWLYC59;
				ENABLE_NS_ASSERTIONS = NO;
				ENABLE_STRICT_OBJC_MSGSEND = YES;
				ENABLE_USER_SCRIPT_SANDBOXING = YES;
				GCC_C_LANGUAGE_STANDARD = gnu17;
				GCC_NO_COMMON_BLOCKS = YES;
				GCC_WARN_64_TO_32_BIT_CONVERSION = YES;
				GCC_WARN_ABOUT_RETURN_TYPE = YES_ERROR;
				GCC_WARN_UNDECLARED_SELECTOR = YES;
				GCC_WARN_UNINITIALIZED_AUTOS = YES_AGGRESSIVE;
				GCC_WARN_UNUSED_FUNCTION = YES;
				GCC_WARN_UNUSED_VARIABLE = YES;
				IPHONEOS_DEPLOYMENT_TARGET = 18.5;
				LOCALIZATION_PREFERS_STRING_CATALOGS = YES;
				MTL_ENABLE_DEBUG_INFO = NO;
				MTL_FAST_MATH = YES;
				SDKROOT = iphoneos;
				STRING_CATALOG_GENERATE_SYMBOLS = YES;
				SWIFT_COMPILATION_MODE = wholemodule;
				VALIDATE_PRODUCT = YES;
			};
			name = Release;
		};
		AA16073E2F2A21A20084F0F4 /* Debug */ = {
			isa = XCBuildConfiguration;
			buildSettings = {
				ASSETCATALOG_COMPILER_APPICON_NAME = AppIcon;
				ASSETCATALOG_COMPILER_GLOBAL_ACCENT_COLOR_NAME = AccentColor;
				CODE_SIGN_STYLE = Automatic;
				CURRENT_PROJECT_VERSION = 1;
				ENABLE_PREVIEWS = YES;
				GENERATE_INFOPLIST_FILE = YES;
				INFOPLIST_KEY_UIApplicationSceneManifest_Generation = YES;
				INFOPLIST_KEY_UIApplicationSupportsIndirectInputEvents = YES;
				INFOPLIST_KEY_UILaunchScreen_Generation = YES;
				INFOPLIST_KEY_UISupportedInterfaceOrientations_iPad = "UIInterfaceOrientationPortrait UIInterfaceOrientationPortraitUpsideDown UIInterfaceOrientationLandscapeLeft UIInterfaceOrientationLandscapeRight";
				INFOPLIST_KEY_UISupportedInterfaceOrientations_iPhone = "UIInterfaceOrientationPortrait UIInterfaceOrientationLandscapeLeft UIInterfaceOrientationLandscapeRight";
				IPHONEOS_DEPLOYMENT_TARGET = 18.1;
				LD_RUNPATH_SEARCH_PATHS = (
					"$(inherited)",
					"@executable_path/Frameworks",
				);
				MARKETING_VERSION = 1.0;
				PRODUCT_BUNDLE_IDENTIFIER = "atlantis-proxyman.PerfoMace2";
				PRODUCT_NAME = "$(TARGET_NAME)";
				SWIFT_EMIT_LOC_STRINGS = YES;
				SWIFT_VERSION = 5.0;
				TARGETED_DEVICE_FAMILY = "1,2";
			};
			name = Debug;
		};
		AA16073F2F2A21A20084F0F4 /* Release */ = {
			isa = XCBuildConfiguration;
			buildSettings = {
				ASSETCATALOG_COMPILER_APPICON_NAME = AppIcon;
				ASSETCATALOG_COMPILER_GLOBAL_ACCENT_COLOR_NAME = AccentColor;
				CODE_SIGN_STYLE = Automatic;
				CURRENT_PROJECT_VERSION = 1;
				ENABLE_PREVIEWS = YES;
				GENERATE_INFOPLIST_FILE = YES;
				INFOPLIST_KEY_UIApplicationSceneManifest_Generation = YES;
				INFOPLIST_KEY_UIApplicationSupportsIndirectInputEvents = YES;
				INFOPLIST_KEY_UILaunchScreen_Generation = YES;
				INFOPLIST_KEY_UISupportedInterfaceOrientations_iPad = "UIInterfaceOrientationPortrait UIInterfaceOrientationPortraitUpsideDown UIInterfaceOrientationLandscapeLeft UIInterfaceOrientationLandscapeRight";
				INFOPLIST_KEY_UISupportedInterfaceOrientations_iPhone = "UIInterfaceOrientationPortrait UIInterfaceOrientationLandscapeLeft UIInterfaceOrientationLandscapeRight";
				IPHONEOS_DEPLOYMENT_TARGET = 18.1;
				LD_RUNPATH_SEARCH_PATHS = (
					"$(inherited)",
					"@executable_path/Frameworks",
				);
				MARKETING_VERSION = 1.0;
				PRODUCT_BUNDLE_IDENTIFIER = "atlantis-proxyman.PerfoMace2";
				PRODUCT_NAME = "$(TARGET_NAME)";
				SWIFT_EMIT_LOC_STRINGS = YES;
				SWIFT_VERSION = 5.0;
				TARGETED_DEVICE_FAMILY = "1,2";
			};
			name = Release;
		};
		AA1607412F2A21A20084F0F4 /* Debug */ = {
			isa = XCBuildConfiguration;
			buildSettings = {
				BUNDLE_LOADER = "$(TEST_HOST)";
				CODE_SIGN_STYLE = Automatic;
				CURRENT_PROJECT_VERSION = 1;
				GENERATE_INFOPLIST_FILE = YES;
				IPHONEOS_DEPLOYMENT_TARGET = 18.1;
				MARKETING_VERSION = 1.0;
				PRODUCT_BUNDLE_IDENTIFIER = "atlantis-proxyman.PerfoMaceTests2";
				PRODUCT_NAME = "$(TARGET_NAME)";
				SWIFT_EMIT_LOC_STRINGS = NO;
				SWIFT_VERSION = 5.0;
				TARGETED_DEVICE_FAMILY = "1,2";
				TEST_HOST = "$(BUILT_PRODUCTS_DIR)/PerfoMace.app/$(BUNDLE_EXECUTABLE_FOLDER_PATH)/PerfoMace";
			};
			name = Debug;
		};
		AA1607422F2A21A20084F0F4 /* Release */ = {
			isa = XCBuildConfiguration;
			buildSettings = {
				BUNDLE_LOADER = "$(TEST_HOST)";
				CODE_SIGN_STYLE = Automatic;
				CURRENT_PROJECT_VERSION = 1;
				GENERATE_INFOPLIST_FILE = YES;
				IPHONEOS_DEPLOYMENT_TARGET = 18.1;
				MARKETING_VERSION = 1.0;
				PRODUCT_BUNDLE_IDENTIFIER = "atlantis-proxyman.PerfoMaceTests2";
				PRODUCT_NAME = "$(TARGET_NAME)";
				SWIFT_EMIT_LOC_STRINGS = NO;
				SWIFT_VERSION = 5.0;
				TARGETED_DEVICE_FAMILY = "1,2";
				TEST_HOST = "$(BUILT_PRODUCTS_DIR)/PerfoMace.app/$(BUNDLE_EXECUTABLE_FOLDER_PATH)/PerfoMace";
			};
			name = Release;
		};
		AA1607442F2A21A20084F0F4 /* Debug */ = {
			isa = XCBuildConfiguration;
			buildSettings = {
				CODE_SIGN_STYLE = Automatic;
				CURRENT_PROJECT_VERSION = 1;
				GENERATE_INFOPLIST_FILE = YES;
				IPHONEOS_DEPLOYMENT_TARGET = 18.1;
				MARKETING_VERSION = 1.0;
				PRODUCT_BUNDLE_IDENTIFIER = "atlantis-proxyman.PerfoMaceUITests2";
				PRODUCT_NAME = "$(TARGET_NAME)";
				SWIFT_EMIT_LOC_STRINGS = NO;
				SWIFT_VERSION = 5.0;
				TARGETED_DEVICE_FAMILY = "1,2";
				TEST_TARGET_NAME = PerfoMace;
			};
			name = Debug;
		};
		AA1607452F2A21A20084F0F4 /* Release */ = {
			isa = XCBuildConfiguration;
			buildSettings = {
				CODE_SIGN_STYLE = Automatic;
				CURRENT_PROJECT_VERSION = 1;
				GENERATE_INFOPLIST_FILE = YES;
				IPHONEOS_DEPLOYMENT_TARGET = 18.1;
				MARKETING_VERSION = 1.0;
				PRODUCT_BUNDLE_IDENTIFIER = "atlantis-proxyman.PerfoMaceUITests2";
				PRODUCT_NAME = "$(TARGET_NAME)";
				SWIFT_EMIT_LOC_STRINGS = NO;
				SWIFT_VERSION = 5.0;
				TARGETED_DEVICE_FAMILY = "1,2";
				TEST_TARGET_NAME = PerfoMace;
			};
			name = Release;
		};
		BB0000082F2A21A20084F118 /* Debug */ = {
			isa = XCBuildConfiguration;
			buildSettings = {
				CODE_SIGN_STYLE = Automatic;
				CURRENT_PROJECT_VERSION = 1;
				DEAD_CODE_STRIPPING = YES;
				ENABLE_PREVIEWS = YES;
				EXECUTABLE_NAME = PerfoMaceLauncherV2;
				GENERATE_INFOPLIST_FILE = YES;
				INFOPLIST_KEY_CFBundleDisplayName = "PerfoMace Launcher v2";
				INFOPLIST_KEY_CFBundleName = "PerfoMace Launcher v2";
				INFOPLIST_KEY_LSApplicationCategoryType = "public.app-category.developer-tools";
				LD_RUNPATH_SEARCH_PATHS = (
					"$(inherited)",
					"@executable_path/../Frameworks",
				);
				MACOSX_DEPLOYMENT_TARGET = 14.0;
				MARKETING_VERSION = 1.0;
				PRODUCT_BUNDLE_IDENTIFIER = "atlantis-proxyman.PerfoMaceLauncherV2";
				PRODUCT_NAME = "PerfoMace Launcher v2";
				SDKROOT = macosx;
				SWIFT_VERSION = 5.0;
			};
			name = Debug;
		};
		BB0000092F2A21A20084F119 /* Release */ = {
			isa = XCBuildConfiguration;
			buildSettings = {
				CODE_SIGN_STYLE = Automatic;
				CURRENT_PROJECT_VERSION = 1;
				DEAD_CODE_STRIPPING = YES;
				ENABLE_PREVIEWS = YES;
				EXECUTABLE_NAME = PerfoMaceLauncherV2;
				GENERATE_INFOPLIST_FILE = YES;
				INFOPLIST_KEY_CFBundleDisplayName = "PerfoMace Launcher v2";
				INFOPLIST_KEY_CFBundleName = "PerfoMace Launcher v2";
				INFOPLIST_KEY_LSApplicationCategoryType = "public.app-category.developer-tools";
				LD_RUNPATH_SEARCH_PATHS = (
					"$(inherited)",
					"@executable_path/../Frameworks",
				);
				MACOSX_DEPLOYMENT_TARGET = 14.0;
				MARKETING_VERSION = 1.0;
				PRODUCT_BUNDLE_IDENTIFIER = "atlantis-proxyman.PerfoMaceLauncherV2";
				PRODUCT_NAME = "PerfoMace Launcher v2";
				SDKROOT = macosx;
				SWIFT_VERSION = 5.0;
			};
			name = Release;
		};
/* End XCBuildConfiguration section */

/* Begin XCConfigurationList section */
		AA1607172F2A21A10084F0F4 /* Build configuration list for PBXProject "PerfoMace" */ = {
			isa = XCConfigurationList;
			buildConfigurations = (
				AA16073B2F2A21A20084F0F4 /* Debug */,
				AA16073C2F2A21A20084F0F4 /* Release */,
			);
			defaultConfigurationIsVisible = 0;
			defaultConfigurationName = Release;
		};
		AA16073D2F2A21A20084F0F4 /* Build configuration list for PBXNativeTarget "PerfoMace" */ = {
			isa = XCConfigurationList;
			buildConfigurations = (
				AA16073E2F2A21A20084F0F4 /* Debug */,
				AA16073F2F2A21A20084F0F4 /* Release */,
			);
			defaultConfigurationIsVisible = 0;
			defaultConfigurationName = Release;
		};
		AA1607402F2A21A20084F0F4 /* Build configuration list for PBXNativeTarget "PerfoMaceTests" */ = {
			isa = XCConfigurationList;
			buildConfigurations = (
				AA1607412F2A21A20084F0F4 /* Debug */,
				AA1607422F2A21A20084F0F4 /* Release */,
			);
			defaultConfigurationIsVisible = 0;
			defaultConfigurationName = Release;
		};
		AA1607432F2A21A20084F0F4 /* Build configuration list for PBXNativeTarget "PerfoMaceUITests" */ = {
			isa = XCConfigurationList;
			buildConfigurations = (
				AA1607442F2A21A20084F0F4 /* Debug */,
				AA1607452F2A21A20084F0F4 /* Release */,
			);
			defaultConfigurationIsVisible = 0;
			defaultConfigurationName = Release;
		};
		BB0000072F2A21A20084F117 /* Build configuration list for PBXNativeTarget "PerfoMaceLauncher" */ = {
			isa = XCConfigurationList;
			buildConfigurations = (
				BB0000082F2A21A20084F118 /* Debug */,
				BB0000092F2A21A20084F119 /* Release */,
			);
			defaultConfigurationIsVisible = 0;
			defaultConfigurationName = Release;
		};
/* End XCConfigurationList section */
	};
	rootObject = AA1607142F2A21A10084F0F4 /* Project object */;
}
